
Microsoft Visual Studio Solution File, Format Version 12.00
# Visual Studio 15
VisualStudioVersion = 15.0.28307.168
MinimumVisualStudioVersion = 10.0.40219.1
Project("{FAE04EC0-301F-11D3-BF4B-00C04F79EFBC}") = "DoubleReader", "DoubleReader\DoubleReader.csproj", "{6EE97E16-6D10-4921-A4A7-4EB3B525B3C2}"
EndProject
Global
	GlobalSection(SolutionConfigurationPlatforms) = preSolution
		Debug|Any CPU = Debug|Any CPU
		Release|Any CPU = Release|Any CPU
	EndGlobalSection
	GlobalSection(ProjectConfigurationPlatforms) = postSolution
		{6EE97E16-6D10-4921-A4A7-4EB3B525B3C2}.Debug|Any CPU.ActiveCfg = Debug|Any CPU
		{6EE97E16-6D10-4921-A4A7-4EB3B525B3C2}.Debug|Any CPU.Build.0 = Debug|Any CPU
		{6EE97E16-6D10-4921-A4A7-4EB3B525B3C2}.Release|Any CPU.ActiveCfg = Release|Any CPU
		{6EE97E16-6D10-4921-A4A7-4EB3B525B3C2}.Release|Any CPU.Build.0 = Release|Any CPU
	EndGlobalSection
	GlobalSection(SolutionProperties) = preSolution
		HideSolutionNode = FALSE
	EndGlobalSection
	GlobalSection(ExtensibilityGlobals) = postSolution
		SolutionGuid = {7100C25B-14A9-496F-8748-AA8285666407}
	EndGlobalSection
EndGlobal
